# This file is automatically @generated by Cargo.
# It is not intended for manual editing.
version = 3

[[package]]
name = "windows"
version = "0.53.0"
source = "registry+https://github.com/rust-lang/crates.io-index"
checksum = "efc5cf48f83140dcaab716eeaea345f9e93d0018fb81162753a3f76c3397b538"
dependencies = [
 "windows-core",
 "windows-targets",
]

[[package]]
name = "windows-core"
version = "0.53.0"
source = "registry+https://github.com/rust-lang/crates.io-index"
checksum = "9dcc5b895a6377f1ab9fa55acedab1fd5ac0db66ad1e6c7f47e28a22e446a5dd"
dependencies = [
 "windows-result",
 "windows-targets",
]

[[package]]
name = "windows-ext"
version = "0.0.1"
dependencies = [
 "windows",
]

[[package]]
name = "windows-result"
version = "0.1.0"
source = "registry+https://github.com/rust-lang/crates.io-index"
checksum = "cd19df78e5168dfb0aedc343d1d1b8d422ab2db6756d2dc3fef75035402a3f64"
dependencies = [
 "windows-targets",
]

[[package]]
name = "windows-targets"
version = "0.52.1"
source = "registry+https://github.com/rust-lang/crates.io-index"
checksum = "56eb995bed789027c5fa9be885994e944989ce9f1b02956b4bf8744c3dbf449b"
dependencies = [
 "windows_aarch64_gnullvm",
 "windows_aarch64_msvc",
 "windows_i686_gnu",
 "windows_i686_msvc",
 "windows_x86_64_gnu",
 "windows_x86_64_gnullvm",
 "windows_x86_64_msvc",
]

[[package]]
name = "windows_aarch64_gnullvm"
version = "0.52.1"
source = "registry+https://github.com/rust-lang/crates.io-index"
checksum = "e7269c1442e75af9fa59290383f7665b828efc76c429cc0b7f2ecb33cf51ebae"

[[package]]
name = "windows_aarch64_msvc"
version = "0.52.1"
source = "registry+https://github.com/rust-lang/crates.io-index"
checksum = "f70ab2cebf332b7ecbdd98900c2da5298a8c862472fb35c75fc297eabb9d89b8"

[[package]]
name = "windows_i686_gnu"
version = "0.52.1"
source = "registry+https://github.com/rust-lang/crates.io-index"
checksum = "679f235acf6b1639408c0f6db295697a19d103b0cdc88146aa1b992c580c647d"

[[package]]
name = "windows_i686_msvc"
version = "0.52.1"
source = "registry+https://github.com/rust-lang/crates.io-index"
checksum = "3480ac194b55ae274a7e135c21645656825da4a7f5b6e9286291b2113c94a78b"

[[package]]
name = "windows_x86_64_gnu"
version = "0.52.1"
source = "registry+https://github.com/rust-lang/crates.io-index"
checksum = "42c46bab241c121402d1cb47d028ea3680ee2f359dcc287482dcf7fdddc73363"

[[package]]
name = "windows_x86_64_gnullvm"
version = "0.52.1"
source = "registry+https://github.com/rust-lang/crates.io-index"
checksum = "dc885a4332ee1afb9a1bacf11514801011725570d35675abc229ce7e3afe4d20"

[[package]]
name = "windows_x86_64_msvc"
version = "0.52.1"
source = "registry+https://github.com/rust-lang/crates.io-index"
checksum = "9e440c60457f84b0bee09208e62acc7ade264b38c4453f6312b8c9ab1613e73c"
